
Microsoft Visual Studio Solution File, Format Version 12.00
# Visual Studio Version 16
VisualStudioVersion = 16.0.31424.327
MinimumVisualStudioVersion = 10.0.40219.1
Project("{FAE04EC0-301F-11D3-BF4B-00C04F79EFBC}") = "StudentManagementSystem", "StudentManagementSystem\StudentManagementSystem.csproj", "{65A0C446-FA0C-4228-AD11-618374AC436E}"
EndProject
Project("{FAE04EC0-301F-11D3-BF4B-00C04F79EFBC}") = "StudentManagementSystem.Tests", "StudentManagementSystem.Tests\StudentManagementSystem.Tests.csproj", "{C899CB53-C487-4A79-BD4E-25BD50BFFDD1}"
EndProject
Global
	GlobalSection(SolutionConfigurationPlatforms) = preSolution
		Debug|Any CPU = Debug|Any CPU
		Release|Any CPU = Release|Any CPU
	EndGlobalSection
	GlobalSection(ProjectConfigurationPlatforms) = postSolution
		{65A0C446-FA0C-4228-AD11-618374AC436E}.Debug|Any CPU.ActiveCfg = Debug|Any CPU
		{65A0C446-FA0C-4228-AD11-618374AC436E}.Debug|Any CPU.Build.0 = Debug|Any CPU
		{65A0C446-FA0C-4228-AD11-618374AC436E}.Release|Any CPU.ActiveCfg = Release|Any CPU
		{65A0C446-FA0C-4228-AD11-618374AC436E}.Release|Any CPU.Build.0 = Release|Any CPU
		{C899CB53-C487-4A79-BD4E-25BD50BFFDD1}.Debug|Any CPU.ActiveCfg = Debug|Any CPU
		{C899CB53-C487-4A79-BD4E-25BD50BFFDD1}.Debug|Any CPU.Build.0 = Debug|Any CPU
		{C899CB53-C487-4A79-BD4E-25BD50BFFDD1}.Release|Any CPU.ActiveCfg = Release|Any CPU
		{C899CB53-C487-4A79-BD4E-25BD50BFFDD1}.Release|Any CPU.Build.0 = Release|Any CPU
	EndGlobalSection
	GlobalSection(SolutionProperties) = preSolution
		HideSolutionNode = FALSE
	EndGlobalSection
	GlobalSection(ExtensibilityGlobals) = postSolution
		SolutionGuid = {27B1264A-B13A-4460-A69C-ACC109AD1C60}
	EndGlobalSection
EndGlobal
